
Microsoft Visual Studio Solution File, Format Version 12.00
# Visual Studio 14
VisualStudioVersion = 14.0.25420.1
MinimumVisualStudioVersion = 10.0.40219.1
Project("{FAE04EC0-301F-11D3-BF4B-00C04F79EFBC}") = "GestionServicios.Droid", "GestionServicios\GestionServicios.Droid\GestionServicios.Droid.csproj", "{B0E594BE-1DD0-4B58-8231-9A832E090A4A}"
EndProject
Project("{FAE04EC0-301F-11D3-BF4B-00C04F79EFBC}") = "GestionServicios", "GestionServicios\GestionServicios\GestionServicios.csproj", "{0CDF7AB9-CCA9-4EFC-8DE9-277716A8F220}"
EndProject
Project("{2150E333-8FDC-42A3-9474-1A3956D46DE8}") = "99.Tests", "99.Tests", "{888C3E81-A043-4AE3-94D3-D0E7439827E8}"
EndProject
Project("{FAE04EC0-301F-11D3-BF4B-00C04F79EFBC}") = "GestionServiciosUnitTest", "GestionServiciosUnitTest\GestionServiciosUnitTest.csproj", "{663CDE7B-CD56-436F-A5D5-CDEEE56B6999}"
EndProject
Project("{2150E333-8FDC-42A3-9474-1A3956D46DE8}") = "01.Domain", "01.Domain", "{CB49142E-8AC5-419A-8227-5A1FA0205BE9}"
EndProject
Project("{2150E333-8FDC-42A3-9474-1A3956D46DE8}") = "02.Core", "02.Core", "{2275F1D2-1D3B-4081-8B97-59E4166E3929}"
EndProject
Project("{2150E333-8FDC-42A3-9474-1A3956D46DE8}") = "03.Platforms", "03.Platforms", "{2320D1DB-4D87-4C41-B58F-3CC57877DFDF}"
EndProject
Project("{2150E333-8FDC-42A3-9474-1A3956D46DE8}") = "Android", "Android", "{E8AAC350-FED5-447F-8396-5E53219A941E}"
EndProject
Project("{FAE04EC0-301F-11D3-BF4B-00C04F79EFBC}") = "GestionServicios.Domain", "GestionServicios.Domain\GestionServicios.Domain.csproj", "{67F9D3A8-F71E-4428-913F-C37AE82CDB24}"
EndProject
Project("{FAE04EC0-301F-11D3-BF4B-00C04F79EFBC}") = "GestionServicios.Core", "GestionServicios.Core\GestionServicios.Core.csproj", "{7F0FB177-673B-4BBB-A003-35C4D2FC7B28}"
EndProject
Project("{FAE04EC0-301F-11D3-BF4B-00C04F79EFBC}") = "GestionServicios.Mocks", "GestionServicios.Mocks\GestionServicios.Mocks.csproj", "{731E4218-FEF7-4B44-BFD2-D51B7D3E230C}"
EndProject
Project("{2150E333-8FDC-42A3-9474-1A3956D46DE8}") = "05.Mocks", "05.Mocks", "{6932A7B0-13ED-44BD-901B-A0EA11BCAF33}"
EndProject
Project("{FAE04EC0-301F-11D3-BF4B-00C04F79EFBC}") = "GestionServicios.Droid.Sqlite", "GestionServicios.Droid.Sqlite\GestionServicios.Droid.Sqlite.csproj", "{7FF15604-63B4-4BB0-A375-A6CB6179B5BD}"
EndProject
Project("{FAE04EC0-301F-11D3-BF4B-00C04F79EFBC}") = "GestionServicios.Repository", "GestionServicios.Repository\GestionServicios.Repository.csproj", "{ED793F68-1BC7-48BA-95EA-9F3FB859AAE4}"
EndProject
Global
	GlobalSection(SolutionConfigurationPlatforms) = preSolution
		Ad-Hoc|Any CPU = Ad-Hoc|Any CPU
		Ad-Hoc|ARM = Ad-Hoc|ARM
		Ad-Hoc|iPhone = Ad-Hoc|iPhone
		Ad-Hoc|iPhoneSimulator = Ad-Hoc|iPhoneSimulator
		Ad-Hoc|x64 = Ad-Hoc|x64
		Ad-Hoc|x86 = Ad-Hoc|x86
		AppStore|Any CPU = AppStore|Any CPU
		AppStore|ARM = AppStore|ARM
		AppStore|iPhone = AppStore|iPhone
		AppStore|iPhoneSimulator = AppStore|iPhoneSimulator
		AppStore|x64 = AppStore|x64
		AppStore|x86 = AppStore|x86
		Debug|Any CPU = Debug|Any CPU
		Debug|ARM = Debug|ARM
		Debug|iPhone = Debug|iPhone
		Debug|iPhoneSimulator = Debug|iPhoneSimulator
		Debug|x64 = Debug|x64
		Debug|x86 = Debug|x86
		Release|Any CPU = Release|Any CPU
		Release|ARM = Release|ARM
		Release|iPhone = Release|iPhone
		Release|iPhoneSimulator = Release|iPhoneSimulator
		Release|x64 = Release|x64
		Release|x86 = Release|x86
	EndGlobalSection
	GlobalSection(ProjectConfigurationPlatforms) = postSolution
		{B0E594BE-1DD0-4B58-8231-9A832E090A4A}.Ad-Hoc|Any CPU.ActiveCfg = Release|Any CPU
		{B0E594BE-1DD0-4B58-8231-9A832E090A4A}.Ad-Hoc|Any CPU.Build.0 = Release|Any CPU
		{B0E594BE-1DD0-4B58-8231-9A832E090A4A}.Ad-Hoc|Any CPU.Deploy.0 = Release|Any CPU
		{B0E594BE-1DD0-4B58-8231-9A832E090A4A}.Ad-Hoc|ARM.ActiveCfg = Release|Any CPU
		{B0E594BE-1DD0-4B58-8231-9A832E090A4A}.Ad-Hoc|ARM.Build.0 = Release|Any CPU
		{B0E594BE-1DD0-4B58-8231-9A832E090A4A}.Ad-Hoc|ARM.Deploy.0 = Release|Any CPU
		{B0E594BE-1DD0-4B58-8231-9A832E090A4A}.Ad-Hoc|iPhone.ActiveCfg = Release|Any CPU
		{B0E594BE-1DD0-4B58-8231-9A832E090A4A}.Ad-Hoc|iPhone.Build.0 = Release|Any CPU
		{B0E594BE-1DD0-4B58-8231-9A832E090A4A}.Ad-Hoc|iPhone.Deploy.0 = Release|Any CPU
		{B0E594BE-1DD0-4B58-8231-9A832E090A4A}.Ad-Hoc|iPhoneSimulator.ActiveCfg = Release|Any CPU
		{B0E594BE-1DD0-4B58-8231-9A832E090A4A}.Ad-Hoc|iPhoneSimulator.Build.0 = Release|Any CPU
		{B0E594BE-1DD0-4B58-8231-9A832E090A4A}.Ad-Hoc|iPhoneSimulator.Deploy.0 = Release|Any CPU
		{B0E594BE-1DD0-4B58-8231-9A832E090A4A}.Ad-Hoc|x64.ActiveCfg = Release|Any CPU
		{B0E594BE-1DD0-4B58-8231-9A832E090A4A}.Ad-Hoc|x64.Build.0 = Release|Any CPU
		{B0E594BE-1DD0-4B58-8231-9A832E090A4A}.Ad-Hoc|x64.Deploy.0 = Release|Any CPU
		{B0E594BE-1DD0-4B58-8231-9A832E090A4A}.Ad-Hoc|x86.ActiveCfg = Release|Any CPU
		{B0E594BE-1DD0-4B58-8231-9A832E090A4A}.Ad-Hoc|x86.Build.0 = Release|Any CPU
		{B0E594BE-1DD0-4B58-8231-9A832E090A4A}.Ad-Hoc|x86.Deploy.0 = Release|Any CPU
		{B0E594BE-1DD0-4B58-8231-9A832E090A4A}.AppStore|Any CPU.ActiveCfg = Release|Any CPU
		{B0E594BE-1DD0-4B58-8231-9A832E090A4A}.AppStore|Any CPU.Build.0 = Release|Any CPU
		{B0E594BE-1DD0-4B58-8231-9A832E090A4A}.AppStore|Any CPU.Deploy.0 = Release|Any CPU
		{B0E594BE-1DD0-4B58-8231-9A832E090A4A}.AppStore|ARM.ActiveCfg = Release|Any CPU
		{B0E594BE-1DD0-4B58-8231-9A832E090A4A}.AppStore|ARM.Build.0 = Release|Any CPU
		{B0E594BE-1DD0-4B58-8231-9A832E090A4A}.AppStore|ARM.Deploy.0 = Release|Any CPU
		{B0E594BE-1DD0-4B58-8231-9A832E090A4A}.AppStore|iPhone.ActiveCfg = Release|Any CPU
		{B0E594BE-1DD0-4B58-8231-9A832E090A4A}.AppStore|iPhone.Build.0 = Release|Any CPU
		{B0E594BE-1DD0-4B58-8231-9A832E090A4A}.AppStore|iPhone.Deploy.0 = Release|Any CPU
		{B0E594BE-1DD0-4B58-8231-9A832E090A4A}.AppStore|iPhoneSimulator.ActiveCfg = Release|Any CPU
		{B0E594BE-1DD0-4B58-8231-9A832E090A4A}.AppStore|iPhoneSimulator.Build.0 = Release|Any CPU
		{B0E594BE-1DD0-4B58-8231-9A832E090A4A}.AppStore|iPhoneSimulator.Deploy.0 = Release|Any CPU
		{B0E594BE-1DD0-4B58-8231-9A832E090A4A}.AppStore|x64.ActiveCfg = Release|Any CPU
		{B0E594BE-1DD0-4B58-8231-9A832E090A4A}.AppStore|x64.Build.0 = Release|Any CPU
		{B0E594BE-1DD0-4B58-8231-9A832E090A4A}.AppStore|x64.Deploy.0 = Release|Any CPU
		{B0E594BE-1DD0-4B58-8231-9A832E090A4A}.AppStore|x86.ActiveCfg = Release|Any CPU
		{B0E594BE-1DD0-4B58-8231-9A832E090A4A}.AppStore|x86.Build.0 = Release|Any CPU
		{B0E594BE-1DD0-4B58-8231-9A832E090A4A}.AppStore|x86.Deploy.0 = Release|Any CPU
		{B0E594BE-1DD0-4B58-8231-9A832E090A4A}.Debug|Any CPU.ActiveCfg = Debug|Any CPU
		{B0E594BE-1DD0-4B58-8231-9A832E090A4A}.Debug|Any CPU.Build.0 = Debug|Any CPU
		{B0E594BE-1DD0-4B58-8231-9A832E090A4A}.Debug|Any CPU.Deploy.0 = Debug|Any CPU
		{B0E594BE-1DD0-4B58-8231-9A832E090A4A}.Debug|ARM.ActiveCfg = Debug|Any CPU
		{B0E594BE-1DD0-4B58-8231-9A832E090A4A}.Debug|ARM.Build.0 = Debug|Any CPU
		{B0E594BE-1DD0-4B58-8231-9A832E090A4A}.Debug|ARM.Deploy.0 = Debug|Any CPU
		{B0E594BE-1DD0-4B58-8231-9A832E090A4A}.Debug|iPhone.ActiveCfg = Debug|Any CPU
		{B0E594BE-1DD0-4B58-8231-9A832E090A4A}.Debug|iPhone.Build.0 = Debug|Any CPU
		{B0E594BE-1DD0-4B58-8231-9A832E090A4A}.Debug|iPhone.Deploy.0 = Debug|Any CPU
		{B0E594BE-1DD0-4B58-8231-9A832E090A4A}.Debug|iPhoneSimulator.ActiveCfg = Debug|Any CPU
		{B0E594BE-1DD0-4B58-8231-9A832E090A4A}.Debug|iPhoneSimulator.Build.0 = Debug|Any CPU
		{B0E594BE-1DD0-4B58-8231-9A832E090A4A}.Debug|iPhoneSimulator.Deploy.0 = Debug|Any CPU
		{B0E594BE-1DD0-4B58-8231-9A832E090A4A}.Debug|x64.ActiveCfg = Debug|Any CPU
		{B0E594BE-1DD0-4B58-8231-9A832E090A4A}.Debug|x64.Build.0 = Debug|Any CPU
		{B0E594BE-1DD0-4B58-8231-9A832E090A4A}.Debug|x64.Deploy.0 = Debug|Any CPU
		{B0E594BE-1DD0-4B58-8231-9A832E090A4A}.Debug|x86.ActiveCfg = Debug|Any CPU
		{B0E594BE-1DD0-4B58-8231-9A832E090A4A}.Debug|x86.Build.0 = Debug|Any CPU
		{B0E594BE-1DD0-4B58-8231-9A832E090A4A}.Debug|x86.Deploy.0 = Debug|Any CPU
		{B0E594BE-1DD0-4B58-8231-9A832E090A4A}.Release|Any CPU.ActiveCfg = Release|Any CPU
		{B0E594BE-1DD0-4B58-8231-9A832E090A4A}.Release|Any CPU.Build.0 = Release|Any CPU
		{B0E594BE-1DD0-4B58-8231-9A832E090A4A}.Release|Any CPU.Deploy.0 = Release|Any CPU
		{B0E594BE-1DD0-4B58-8231-9A832E090A4A}.Release|ARM.ActiveCfg = Release|Any CPU
		{B0E594BE-1DD0-4B58-8231-9A832E090A4A}.Release|ARM.Build.0 = Release|Any CPU
		{B0E594BE-1DD0-4B58-8231-9A832E090A4A}.Release|ARM.Deploy.0 = Release|Any CPU
		{B0E594BE-1DD0-4B58-8231-9A832E090A4A}.Release|iPhone.ActiveCfg = Release|Any CPU
		{B0E594BE-1DD0-4B58-8231-9A832E090A4A}.Release|iPhone.Build.0 = Release|Any CPU
		{B0E594BE-1DD0-4B58-8231-9A832E090A4A}.Release|iPhone.Deploy.0 = Release|Any CPU
		{B0E594BE-1DD0-4B58-8231-9A832E090A4A}.Release|iPhoneSimulator.ActiveCfg = Release|Any CPU
		{B0E594BE-1DD0-4B58-8231-9A832E090A4A}.Release|iPhoneSimulator.Build.0 = Release|Any CPU
		{B0E594BE-1DD0-4B58-8231-9A832E090A4A}.Release|iPhoneSimulator.Deploy.0 = Release|Any CPU
		{B0E594BE-1DD0-4B58-8231-9A832E090A4A}.Release|x64.ActiveCfg = Release|Any CPU
		{B0E594BE-1DD0-4B58-8231-9A832E090A4A}.Release|x64.Build.0 = Release|Any CPU
		{B0E594BE-1DD0-4B58-8231-9A832E090A4A}.Release|x64.Deploy.0 = Release|Any CPU
		{B0E594BE-1DD0-4B58-8231-9A832E090A4A}.Release|x86.ActiveCfg = Release|Any CPU
		{B0E594BE-1DD0-4B58-8231-9A832E090A4A}.Release|x86.Build.0 = Release|Any CPU
		{B0E594BE-1DD0-4B58-8231-9A832E090A4A}.Release|x86.Deploy.0 = Release|Any CPU
		{0CDF7AB9-CCA9-4EFC-8DE9-277716A8F220}.Ad-Hoc|Any CPU.ActiveCfg = Release|Any CPU
		{0CDF7AB9-CCA9-4EFC-8DE9-277716A8F220}.Ad-Hoc|Any CPU.Build.0 = Release|Any CPU
		{0CDF7AB9-CCA9-4EFC-8DE9-277716A8F220}.Ad-Hoc|ARM.ActiveCfg = Release|Any CPU
		{0CDF7AB9-CCA9-4EFC-8DE9-277716A8F220}.Ad-Hoc|ARM.Build.0 = Release|Any CPU
		{0CDF7AB9-CCA9-4EFC-8DE9-277716A8F220}.Ad-Hoc|iPhone.ActiveCfg = Release|Any CPU
		{0CDF7AB9-CCA9-4EFC-8DE9-277716A8F220}.Ad-Hoc|iPhone.Build.0 = Release|Any CPU
		{0CDF7AB9-CCA9-4EFC-8DE9-277716A8F220}.Ad-Hoc|iPhoneSimulator.ActiveCfg = Release|Any CPU
		{0CDF7AB9-CCA9-4EFC-8DE9-277716A8F220}.Ad-Hoc|iPhoneSimulator.Build.0 = Release|Any CPU
		{0CDF7AB9-CCA9-4EFC-8DE9-277716A8F220}.Ad-Hoc|x64.ActiveCfg = Release|Any CPU
		{0CDF7AB9-CCA9-4EFC-8DE9-277716A8F220}.Ad-Hoc|x64.Build.0 = Release|Any CPU
		{0CDF7AB9-CCA9-4EFC-8DE9-277716A8F220}.Ad-Hoc|x86.ActiveCfg = Release|Any CPU
		{0CDF7AB9-CCA9-4EFC-8DE9-277716A8F220}.Ad-Hoc|x86.Build.0 = Release|Any CPU
		{0CDF7AB9-CCA9-4EFC-8DE9-277716A8F220}.AppStore|Any CPU.ActiveCfg = Release|Any CPU
		{0CDF7AB9-CCA9-4EFC-8DE9-277716A8F220}.AppStore|Any CPU.Build.0 = Release|Any CPU
		{0CDF7AB9-CCA9-4EFC-8DE9-277716A8F220}.AppStore|ARM.ActiveCfg = Release|Any CPU
		{0CDF7AB9-CCA9-4EFC-8DE9-277716A8F220}.AppStore|ARM.Build.0 = Release|Any CPU
		{0CDF7AB9-CCA9-4EFC-8DE9-277716A8F220}.AppStore|iPhone.ActiveCfg = Release|Any CPU
		{0CDF7AB9-CCA9-4EFC-8DE9-277716A8F220}.AppStore|iPhone.Build.0 = Release|Any CPU
		{0CDF7AB9-CCA9-4EFC-8DE9-277716A8F220}.AppStore|iPhoneSimulator.ActiveCfg = Release|Any CPU
		{0CDF7AB9-CCA9-4EFC-8DE9-277716A8F220}.AppStore|iPhoneSimulator.Build.0 = Release|Any CPU
		{0CDF7AB9-CCA9-4EFC-8DE9-277716A8F220}.AppStore|x64.ActiveCfg = Release|Any CPU
		{0CDF7AB9-CCA9-4EFC-8DE9-277716A8F220}.AppStore|x64.Build.0 = Release|Any CPU
		{0CDF7AB9-CCA9-4EFC-8DE9-277716A8F220}.AppStore|x86.ActiveCfg = Release|Any CPU
		{0CDF7AB9-CCA9-4EFC-8DE9-277716A8F220}.AppStore|x86.Build.0 = Release|Any CPU
		{0CDF7AB9-CCA9-4EFC-8DE9-277716A8F220}.Debug|Any CPU.ActiveCfg = Debug|Any CPU
		{0CDF7AB9-CCA9-4EFC-8DE9-277716A8F220}.Debug|Any CPU.Build.0 = Debug|Any CPU
		{0CDF7AB9-CCA9-4EFC-8DE9-277716A8F220}.Debug|ARM.ActiveCfg = Debug|Any CPU
		{0CDF7AB9-CCA9-4EFC-8DE9-277716A8F220}.Debug|ARM.Build.0 = Debug|Any CPU
		{0CDF7AB9-CCA9-4EFC-8DE9-277716A8F220}.Debug|iPhone.ActiveCfg = Debug|Any CPU
		{0CDF7AB9-CCA9-4EFC-8DE9-277716A8F220}.Debug|iPhone.Build.0 = Debug|Any CPU
		{0CDF7AB9-CCA9-4EFC-8DE9-277716A8F220}.Debug|iPhoneSimulator.ActiveCfg = Debug|Any CPU
		{0CDF7AB9-CCA9-4EFC-8DE9-277716A8F220}.Debug|iPhoneSimulator.Build.0 = Debug|Any CPU
		{0CDF7AB9-CCA9-4EFC-8DE9-277716A8F220}.Debug|x64.ActiveCfg = Debug|Any CPU
		{0CDF7AB9-CCA9-4EFC-8DE9-277716A8F220}.Debug|x64.Build.0 = Debug|Any CPU
		{0CDF7AB9-CCA9-4EFC-8DE9-277716A8F220}.Debug|x86.ActiveCfg = Debug|Any CPU
		{0CDF7AB9-CCA9-4EFC-8DE9-277716A8F220}.Debug|x86.Build.0 = Debug|Any CPU
		{0CDF7AB9-CCA9-4EFC-8DE9-277716A8F220}.Release|Any CPU.ActiveCfg = Release|Any CPU
		{0CDF7AB9-CCA9-4EFC-8DE9-277716A8F220}.Release|Any CPU.Build.0 = Release|Any CPU
		{0CDF7AB9-CCA9-4EFC-8DE9-277716A8F220}.Release|ARM.ActiveCfg = Release|Any CPU
		{0CDF7AB9-CCA9-4EFC-8DE9-277716A8F220}.Release|ARM.Build.0 = Release|Any CPU
		{0CDF7AB9-CCA9-4EFC-8DE9-277716A8F220}.Release|iPhone.ActiveCfg = Release|Any CPU
		{0CDF7AB9-CCA9-4EFC-8DE9-277716A8F220}.Release|iPhone.Build.0 = Release|Any CPU
		{0CDF7AB9-CCA9-4EFC-8DE9-277716A8F220}.Release|iPhoneSimulator.ActiveCfg = Release|Any CPU
		{0CDF7AB9-CCA9-4EFC-8DE9-277716A8F220}.Release|iPhoneSimulator.Build.0 = Release|Any CPU
		{0CDF7AB9-CCA9-4EFC-8DE9-277716A8F220}.Release|x64.ActiveCfg = Release|Any CPU
		{0CDF7AB9-CCA9-4EFC-8DE9-277716A8F220}.Release|x64.Build.0 = Release|Any CPU
		{0CDF7AB9-CCA9-4EFC-8DE9-277716A8F220}.Release|x86.ActiveCfg = Release|Any CPU
		{0CDF7AB9-CCA9-4EFC-8DE9-277716A8F220}.Release|x86.Build.0 = Release|Any CPU
		{663CDE7B-CD56-436F-A5D5-CDEEE56B6999}.Ad-Hoc|Any CPU.ActiveCfg = Release|Any CPU
		{663CDE7B-CD56-436F-A5D5-CDEEE56B6999}.Ad-Hoc|Any CPU.Build.0 = Release|Any CPU
		{663CDE7B-CD56-436F-A5D5-CDEEE56B6999}.Ad-Hoc|Any CPU.Deploy.0 = Release|Any CPU
		{663CDE7B-CD56-436F-A5D5-CDEEE56B6999}.Ad-Hoc|ARM.ActiveCfg = Release|Any CPU
		{663CDE7B-CD56-436F-A5D5-CDEEE56B6999}.Ad-Hoc|ARM.Build.0 = Release|Any CPU
		{663CDE7B-CD56-436F-A5D5-CDEEE56B6999}.Ad-Hoc|ARM.Deploy.0 = Release|Any CPU
		{663CDE7B-CD56-436F-A5D5-CDEEE56B6999}.Ad-Hoc|iPhone.ActiveCfg = Release|Any CPU
		{663CDE7B-CD56-436F-A5D5-CDEEE56B6999}.Ad-Hoc|iPhone.Build.0 = Release|Any CPU
		{663CDE7B-CD56-436F-A5D5-CDEEE56B6999}.Ad-Hoc|iPhone.Deploy.0 = Release|Any CPU
		{663CDE7B-CD56-436F-A5D5-CDEEE56B6999}.Ad-Hoc|iPhoneSimulator.ActiveCfg = Release|Any CPU
		{663CDE7B-CD56-436F-A5D5-CDEEE56B6999}.Ad-Hoc|iPhoneSimulator.Build.0 = Release|Any CPU
		{663CDE7B-CD56-436F-A5D5-CDEEE56B6999}.Ad-Hoc|iPhoneSimulator.Deploy.0 = Release|Any CPU
		{663CDE7B-CD56-436F-A5D5-CDEEE56B6999}.Ad-Hoc|x64.ActiveCfg = Release|Any CPU
		{663CDE7B-CD56-436F-A5D5-CDEEE56B6999}.Ad-Hoc|x64.Build.0 = Release|Any CPU
		{663CDE7B-CD56-436F-A5D5-CDEEE56B6999}.Ad-Hoc|x64.Deploy.0 = Release|Any CPU
		{663CDE7B-CD56-436F-A5D5-CDEEE56B6999}.Ad-Hoc|x86.ActiveCfg = Release|Any CPU
		{663CDE7B-CD56-436F-A5D5-CDEEE56B6999}.Ad-Hoc|x86.Build.0 = Release|Any CPU
		{663CDE7B-CD56-436F-A5D5-CDEEE56B6999}.Ad-Hoc|x86.Deploy.0 = Release|Any CPU
		{663CDE7B-CD56-436F-A5D5-CDEEE56B6999}.AppStore|Any CPU.ActiveCfg = Release|Any CPU
		{663CDE7B-CD56-436F-A5D5-CDEEE56B6999}.AppStore|Any CPU.Build.0 = Release|Any CPU
		{663CDE7B-CD56-436F-A5D5-CDEEE56B6999}.AppStore|Any CPU.Deploy.0 = Release|Any CPU
		{663CDE7B-CD56-436F-A5D5-CDEEE56B6999}.AppStore|ARM.ActiveCfg = Release|Any CPU
		{663CDE7B-CD56-436F-A5D5-CDEEE56B6999}.AppStore|ARM.Build.0 = Release|Any CPU
		{663CDE7B-CD56-436F-A5D5-CDEEE56B6999}.AppStore|ARM.Deploy.0 = Release|Any CPU
		{663CDE7B-CD56-436F-A5D5-CDEEE56B6999}.AppStore|iPhone.ActiveCfg = Release|Any CPU
		{663CDE7B-CD56-436F-A5D5-CDEEE56B6999}.AppStore|iPhone.Build.0 = Release|Any CPU
		{663CDE7B-CD56-436F-A5D5-CDEEE56B6999}.AppStore|iPhone.Deploy.0 = Release|Any CPU
		{663CDE7B-CD56-436F-A5D5-CDEEE56B6999}.AppStore|iPhoneSimulator.ActiveCfg = Release|Any CPU
		{663CDE7B-CD56-436F-A5D5-CDEEE56B6999}.AppStore|iPhoneSimulator.Build.0 = Release|Any CPU
		{663CDE7B-CD56-436F-A5D5-CDEEE56B6999}.AppStore|iPhoneSimulator.Deploy.0 = Release|Any CPU
		{663CDE7B-CD56-436F-A5D5-CDEEE56B6999}.AppStore|x64.ActiveCfg = Release|Any CPU
		{663CDE7B-CD56-436F-A5D5-CDEEE56B6999}.AppStore|x64.Build.0 = Release|Any CPU
		{663CDE7B-CD56-436F-A5D5-CDEEE56B6999}.AppStore|x64.Deploy.0 = Release|Any CPU
		{663CDE7B-CD56-436F-A5D5-CDEEE56B6999}.AppStore|x86.ActiveCfg = Release|Any CPU
		{663CDE7B-CD56-436F-A5D5-CDEEE56B6999}.AppStore|x86.Build.0 = Release|Any CPU
		{663CDE7B-CD56-436F-A5D5-CDEEE56B6999}.AppStore|x86.Deploy.0 = Release|Any CPU
		{663CDE7B-CD56-436F-A5D5-CDEEE56B6999}.Debug|Any CPU.ActiveCfg = Debug|Any CPU
		{663CDE7B-CD56-436F-A5D5-CDEEE56B6999}.Debug|Any CPU.Build.0 = Debug|Any CPU
		{663CDE7B-CD56-436F-A5D5-CDEEE56B6999}.Debug|Any CPU.Deploy.0 = Debug|Any CPU
		{663CDE7B-CD56-436F-A5D5-CDEEE56B6999}.Debug|ARM.ActiveCfg = Debug|Any CPU
		{663CDE7B-CD56-436F-A5D5-CDEEE56B6999}.Debug|ARM.Build.0 = Debug|Any CPU
		{663CDE7B-CD56-436F-A5D5-CDEEE56B6999}.Debug|ARM.Deploy.0 = Debug|Any CPU
		{663CDE7B-CD56-436F-A5D5-CDEEE56B6999}.Debug|iPhone.ActiveCfg = Debug|Any CPU
		{663CDE7B-CD56-436F-A5D5-CDEEE56B6999}.Debug|iPhone.Build.0 = Debug|Any CPU
		{663CDE7B-CD56-436F-A5D5-CDEEE56B6999}.Debug|iPhone.Deploy.0 = Debug|Any CPU
		{663CDE7B-CD56-436F-A5D5-CDEEE56B6999}.Debug|iPhoneSimulator.ActiveCfg = Debug|Any CPU
		{663CDE7B-CD56-436F-A5D5-CDEEE56B6999}.Debug|iPhoneSimulator.Build.0 = Debug|Any CPU
		{663CDE7B-CD56-436F-A5D5-CDEEE56B6999}.Debug|iPhoneSimulator.Deploy.0 = Debug|Any CPU
		{663CDE7B-CD56-436F-A5D5-CDEEE56B6999}.Debug|x64.ActiveCfg = Debug|Any CPU
		{663CDE7B-CD56-436F-A5D5-CDEEE56B6999}.Debug|x64.Build.0 = Debug|Any CPU
		{663CDE7B-CD56-436F-A5D5-CDEEE56B6999}.Debug|x64.Deploy.0 = Debug|Any CPU
		{663CDE7B-CD56-436F-A5D5-CDEEE56B6999}.Debug|x86.ActiveCfg = Debug|Any CPU
		{663CDE7B-CD56-436F-A5D5-CDEEE56B6999}.Debug|x86.Build.0 = Debug|Any CPU
		{663CDE7B-CD56-436F-A5D5-CDEEE56B6999}.Debug|x86.Deploy.0 = Debug|Any CPU
		{663CDE7B-CD56-436F-A5D5-CDEEE56B6999}.Release|Any CPU.ActiveCfg = Release|Any CPU
		{663CDE7B-CD56-436F-A5D5-CDEEE56B6999}.Release|Any CPU.Build.0 = Release|Any CPU
		{663CDE7B-CD56-436F-A5D5-CDEEE56B6999}.Release|Any CPU.Deploy.0 = Release|Any CPU
		{663CDE7B-CD56-436F-A5D5-CDEEE56B6999}.Release|ARM.ActiveCfg = Release|Any CPU
		{663CDE7B-CD56-436F-A5D5-CDEEE56B6999}.Release|ARM.Build.0 = Release|Any CPU
		{663CDE7B-CD56-436F-A5D5-CDEEE56B6999}.Release|ARM.Deploy.0 = Release|Any CPU
		{663CDE7B-CD56-436F-A5D5-CDEEE56B6999}.Release|iPhone.ActiveCfg = Release|Any CPU
		{663CDE7B-CD56-436F-A5D5-CDEEE56B6999}.Release|iPhone.Build.0 = Release|Any CPU
		{663CDE7B-CD56-436F-A5D5-CDEEE56B6999}.Release|iPhone.Deploy.0 = Release|Any CPU
		{663CDE7B-CD56-436F-A5D5-CDEEE56B6999}.Release|iPhoneSimulator.ActiveCfg = Release|Any CPU
		{663CDE7B-CD56-436F-A5D5-CDEEE56B6999}.Release|iPhoneSimulator.Build.0 = Release|Any CPU
		{663CDE7B-CD56-436F-A5D5-CDEEE56B6999}.Release|iPhoneSimulator.Deploy.0 = Release|Any CPU
		{663CDE7B-CD56-436F-A5D5-CDEEE56B6999}.Release|x64.ActiveCfg = Release|Any CPU
		{663CDE7B-CD56-436F-A5D5-CDEEE56B6999}.Release|x64.Build.0 = Release|Any CPU
		{663CDE7B-CD56-436F-A5D5-CDEEE56B6999}.Release|x64.Deploy.0 = Release|Any CPU
		{663CDE7B-CD56-436F-A5D5-CDEEE56B6999}.Release|x86.ActiveCfg = Release|Any CPU
		{663CDE7B-CD56-436F-A5D5-CDEEE56B6999}.Release|x86.Build.0 = Release|Any CPU
		{663CDE7B-CD56-436F-A5D5-CDEEE56B6999}.Release|x86.Deploy.0 = Release|Any CPU
		{67F9D3A8-F71E-4428-913F-C37AE82CDB24}.Ad-Hoc|Any CPU.ActiveCfg = Release|Any CPU
		{67F9D3A8-F71E-4428-913F-C37AE82CDB24}.Ad-Hoc|Any CPU.Build.0 = Release|Any CPU
		{67F9D3A8-F71E-4428-913F-C37AE82CDB24}.Ad-Hoc|ARM.ActiveCfg = Release|Any CPU
		{67F9D3A8-F71E-4428-913F-C37AE82CDB24}.Ad-Hoc|ARM.Build.0 = Release|Any CPU
		{67F9D3A8-F71E-4428-913F-C37AE82CDB24}.Ad-Hoc|iPhone.ActiveCfg = Release|Any CPU
		{67F9D3A8-F71E-4428-913F-C37AE82CDB24}.Ad-Hoc|iPhone.Build.0 = Release|Any CPU
		{67F9D3A8-F71E-4428-913F-C37AE82CDB24}.Ad-Hoc|iPhoneSimulator.ActiveCfg = Release|Any CPU
		{67F9D3A8-F71E-4428-913F-C37AE82CDB24}.Ad-Hoc|iPhoneSimulator.Build.0 = Release|Any CPU
		{67F9D3A8-F71E-4428-913F-C37AE82CDB24}.Ad-Hoc|x64.ActiveCfg = Release|Any CPU
		{67F9D3A8-F71E-4428-913F-C37AE82CDB24}.Ad-Hoc|x64.Build.0 = Release|Any CPU
		{67F9D3A8-F71E-4428-913F-C37AE82CDB24}.Ad-Hoc|x86.ActiveCfg = Release|Any CPU
		{67F9D3A8-F71E-4428-913F-C37AE82CDB24}.Ad-Hoc|x86.Build.0 = Release|Any CPU
		{67F9D3A8-F71E-4428-913F-C37AE82CDB24}.AppStore|Any CPU.ActiveCfg = Release|Any CPU
		{67F9D3A8-F71E-4428-913F-C37AE82CDB24}.AppStore|Any CPU.Build.0 = Release|Any CPU
		{67F9D3A8-F71E-4428-913F-C37AE82CDB24}.AppStore|ARM.ActiveCfg = Release|Any CPU
		{67F9D3A8-F71E-4428-913F-C37AE82CDB24}.AppStore|ARM.Build.0 = Release|Any CPU
		{67F9D3A8-F71E-4428-913F-C37AE82CDB24}.AppStore|iPhone.ActiveCfg = Release|Any CPU
		{67F9D3A8-F71E-4428-913F-C37AE82CDB24}.AppStore|iPhone.Build.0 = Release|Any CPU
		{67F9D3A8-F71E-4428-913F-C37AE82CDB24}.AppStore|iPhoneSimulator.ActiveCfg = Release|Any CPU
		{67F9D3A8-F71E-4428-913F-C37AE82CDB24}.AppStore|iPhoneSimulator.Build.0 = Release|Any CPU
		{67F9D3A8-F71E-4428-913F-C37AE82CDB24}.AppStore|x64.ActiveCfg = Release|Any CPU
		{67F9D3A8-F71E-4428-913F-C37AE82CDB24}.AppStore|x64.Build.0 = Release|Any CPU
		{67F9D3A8-F71E-4428-913F-C37AE82CDB24}.AppStore|x86.ActiveCfg = Release|Any CPU
		{67F9D3A8-F71E-4428-913F-C37AE82CDB24}.AppStore|x86.Build.0 = Release|Any CPU
		{67F9D3A8-F71E-4428-913F-C37AE82CDB24}.Debug|Any CPU.ActiveCfg = Debug|Any CPU
		{67F9D3A8-F71E-4428-913F-C37AE82CDB24}.Debug|Any CPU.Build.0 = Debug|Any CPU
		{67F9D3A8-F71E-4428-913F-C37AE82CDB24}.Debug|ARM.ActiveCfg = Debug|Any CPU
		{67F9D3A8-F71E-4428-913F-C37AE82CDB24}.Debug|ARM.Build.0 = Debug|Any CPU
		{67F9D3A8-F71E-4428-913F-C37AE82CDB24}.Debug|iPhone.ActiveCfg = Debug|Any CPU
		{67F9D3A8-F71E-4428-913F-C37AE82CDB24}.Debug|iPhone.Build.0 = Debug|Any CPU
		{67F9D3A8-F71E-4428-913F-C37AE82CDB24}.Debug|iPhoneSimulator.ActiveCfg = Debug|Any CPU
		{67F9D3A8-F71E-4428-913F-C37AE82CDB24}.Debug|iPhoneSimulator.Build.0 = Debug|Any CPU
		{67F9D3A8-F71E-4428-913F-C37AE82CDB24}.Debug|x64.ActiveCfg = Debug|Any CPU
		{67F9D3A8-F71E-4428-913F-C37AE82CDB24}.Debug|x64.Build.0 = Debug|Any CPU
		{67F9D3A8-F71E-4428-913F-C37AE82CDB24}.Debug|x86.ActiveCfg = Debug|Any CPU
		{67F9D3A8-F71E-4428-913F-C37AE82CDB24}.Debug|x86.Build.0 = Debug|Any CPU
		{67F9D3A8-F71E-4428-913F-C37AE82CDB24}.Release|Any CPU.ActiveCfg = Release|Any CPU
		{67F9D3A8-F71E-4428-913F-C37AE82CDB24}.Release|Any CPU.Build.0 = Release|Any CPU
		{67F9D3A8-F71E-4428-913F-C37AE82CDB24}.Release|ARM.ActiveCfg = Release|Any CPU
		{67F9D3A8-F71E-4428-913F-C37AE82CDB24}.Release|ARM.Build.0 = Release|Any CPU
		{67F9D3A8-F71E-4428-913F-C37AE82CDB24}.Release|iPhone.ActiveCfg = Release|Any CPU
		{67F9D3A8-F71E-4428-913F-C37AE82CDB24}.Release|iPhone.Build.0 = Release|Any CPU
		{67F9D3A8-F71E-4428-913F-C37AE82CDB24}.Release|iPhoneSimulator.ActiveCfg = Release|Any CPU
		{67F9D3A8-F71E-4428-913F-C37AE82CDB24}.Release|iPhoneSimulator.Build.0 = Release|Any CPU
		{67F9D3A8-F71E-4428-913F-C37AE82CDB24}.Release|x64.ActiveCfg = Release|Any CPU
		{67F9D3A8-F71E-4428-913F-C37AE82CDB24}.Release|x64.Build.0 = Release|Any CPU
		{67F9D3A8-F71E-4428-913F-C37AE82CDB24}.Release|x86.ActiveCfg = Release|Any CPU
		{67F9D3A8-F71E-4428-913F-C37AE82CDB24}.Release|x86.Build.0 = Release|Any CPU
		{7F0FB177-673B-4BBB-A003-35C4D2FC7B28}.Ad-Hoc|Any CPU.ActiveCfg = Release|Any CPU
		{7F0FB177-673B-4BBB-A003-35C4D2FC7B28}.Ad-Hoc|Any CPU.Build.0 = Release|Any CPU
		{7F0FB177-673B-4BBB-A003-35C4D2FC7B28}.Ad-Hoc|ARM.ActiveCfg = Release|Any CPU
		{7F0FB177-673B-4BBB-A003-35C4D2FC7B28}.Ad-Hoc|ARM.Build.0 = Release|Any CPU
		{7F0FB177-673B-4BBB-A003-35C4D2FC7B28}.Ad-Hoc|iPhone.ActiveCfg = Release|Any CPU
		{7F0FB177-673B-4BBB-A003-35C4D2FC7B28}.Ad-Hoc|iPhone.Build.0 = Release|Any CPU
		{7F0FB177-673B-4BBB-A003-35C4D2FC7B28}.Ad-Hoc|iPhoneSimulator.ActiveCfg = Release|Any CPU
		{7F0FB177-673B-4BBB-A003-35C4D2FC7B28}.Ad-Hoc|iPhoneSimulator.Build.0 = Release|Any CPU
		{7F0FB177-673B-4BBB-A003-35C4D2FC7B28}.Ad-Hoc|x64.ActiveCfg = Release|Any CPU
		{7F0FB177-673B-4BBB-A003-35C4D2FC7B28}.Ad-Hoc|x64.Build.0 = Release|Any CPU
		{7F0FB177-673B-4BBB-A003-35C4D2FC7B28}.Ad-Hoc|x86.ActiveCfg = Release|Any CPU
		{7F0FB177-673B-4BBB-A003-35C4D2FC7B28}.Ad-Hoc|x86.Build.0 = Release|Any CPU
		{7F0FB177-673B-4BBB-A003-35C4D2FC7B28}.AppStore|Any CPU.ActiveCfg = Release|Any CPU
		{7F0FB177-673B-4BBB-A003-35C4D2FC7B28}.AppStore|Any CPU.Build.0 = Release|Any CPU
		{7F0FB177-673B-4BBB-A003-35C4D2FC7B28}.AppStore|ARM.ActiveCfg = Release|Any CPU
		{7F0FB177-673B-4BBB-A003-35C4D2FC7B28}.AppStore|ARM.Build.0 = Release|Any CPU
		{7F0FB177-673B-4BBB-A003-35C4D2FC7B28}.AppStore|iPhone.ActiveCfg = Release|Any CPU
		{7F0FB177-673B-4BBB-A003-35C4D2FC7B28}.AppStore|iPhone.Build.0 = Release|Any CPU
		{7F0FB177-673B-4BBB-A003-35C4D2FC7B28}.AppStore|iPhoneSimulator.ActiveCfg = Release|Any CPU
		{7F0FB177-673B-4BBB-A003-35C4D2FC7B28}.AppStore|iPhoneSimulator.Build.0 = Release|Any CPU
		{7F0FB177-673B-4BBB-A003-35C4D2FC7B28}.AppStore|x64.ActiveCfg = Release|Any CPU
		{7F0FB177-673B-4BBB-A003-35C4D2FC7B28}.AppStore|x64.Build.0 = Release|Any CPU
		{7F0FB177-673B-4BBB-A003-35C4D2FC7B28}.AppStore|x86.ActiveCfg = Release|Any CPU
		{7F0FB177-673B-4BBB-A003-35C4D2FC7B28}.AppStore|x86.Build.0 = Release|Any CPU
		{7F0FB177-673B-4BBB-A003-35C4D2FC7B28}.Debug|Any CPU.ActiveCfg = Debug|Any CPU
		{7F0FB177-673B-4BBB-A003-35C4D2FC7B28}.Debug|Any CPU.Build.0 = Debug|Any CPU
		{7F0FB177-673B-4BBB-A003-35C4D2FC7B28}.Debug|ARM.ActiveCfg = Debug|Any CPU
		{7F0FB177-673B-4BBB-A003-35C4D2FC7B28}.Debug|ARM.Build.0 = Debug|Any CPU
		{7F0FB177-673B-4BBB-A003-35C4D2FC7B28}.Debug|iPhone.ActiveCfg = Debug|Any CPU
		{7F0FB177-673B-4BBB-A003-35C4D2FC7B28}.Debug|iPhone.Build.0 = Debug|Any CPU
		{7F0FB177-673B-4BBB-A003-35C4D2FC7B28}.Debug|iPhoneSimulator.ActiveCfg = Debug|Any CPU
		{7F0FB177-673B-4BBB-A003-35C4D2FC7B28}.Debug|iPhoneSimulator.Build.0 = Debug|Any CPU
		{7F0FB177-673B-4BBB-A003-35C4D2FC7B28}.Debug|x64.ActiveCfg = Debug|Any CPU
		{7F0FB177-673B-4BBB-A003-35C4D2FC7B28}.Debug|x64.Build.0 = Debug|Any CPU
		{7F0FB177-673B-4BBB-A003-35C4D2FC7B28}.Debug|x86.ActiveCfg = Debug|Any CPU
		{7F0FB177-673B-4BBB-A003-35C4D2FC7B28}.Debug|x86.Build.0 = Debug|Any CPU
		{7F0FB177-673B-4BBB-A003-35C4D2FC7B28}.Release|Any CPU.ActiveCfg = Release|Any CPU
		{7F0FB177-673B-4BBB-A003-35C4D2FC7B28}.Release|Any CPU.Build.0 = Release|Any CPU
		{7F0FB177-673B-4BBB-A003-35C4D2FC7B28}.Release|ARM.ActiveCfg = Release|Any CPU
		{7F0FB177-673B-4BBB-A003-35C4D2FC7B28}.Release|ARM.Build.0 = Release|Any CPU
		{7F0FB177-673B-4BBB-A003-35C4D2FC7B28}.Release|iPhone.ActiveCfg = Release|Any CPU
		{7F0FB177-673B-4BBB-A003-35C4D2FC7B28}.Release|iPhone.Build.0 = Release|Any CPU
		{7F0FB177-673B-4BBB-A003-35C4D2FC7B28}.Release|iPhoneSimulator.ActiveCfg = Release|Any CPU
		{7F0FB177-673B-4BBB-A003-35C4D2FC7B28}.Release|iPhoneSimulator.Build.0 = Release|Any CPU
		{7F0FB177-673B-4BBB-A003-35C4D2FC7B28}.Release|x64.ActiveCfg = Release|Any CPU
		{7F0FB177-673B-4BBB-A003-35C4D2FC7B28}.Release|x64.Build.0 = Release|Any CPU
		{7F0FB177-673B-4BBB-A003-35C4D2FC7B28}.Release|x86.ActiveCfg = Release|Any CPU
		{7F0FB177-673B-4BBB-A003-35C4D2FC7B28}.Release|x86.Build.0 = Release|Any CPU
		{731E4218-FEF7-4B44-BFD2-D51B7D3E230C}.Ad-Hoc|Any CPU.ActiveCfg = Release|Any CPU
		{731E4218-FEF7-4B44-BFD2-D51B7D3E230C}.Ad-Hoc|Any CPU.Build.0 = Release|Any CPU
		{731E4218-FEF7-4B44-BFD2-D51B7D3E230C}.Ad-Hoc|ARM.ActiveCfg = Release|Any CPU
		{731E4218-FEF7-4B44-BFD2-D51B7D3E230C}.Ad-Hoc|ARM.Build.0 = Release|Any CPU
		{731E4218-FEF7-4B44-BFD2-D51B7D3E230C}.Ad-Hoc|iPhone.ActiveCfg = Release|Any CPU
		{731E4218-FEF7-4B44-BFD2-D51B7D3E230C}.Ad-Hoc|iPhone.Build.0 = Release|Any CPU
		{731E4218-FEF7-4B44-BFD2-D51B7D3E230C}.Ad-Hoc|iPhoneSimulator.ActiveCfg = Release|Any CPU
		{731E4218-FEF7-4B44-BFD2-D51B7D3E230C}.Ad-Hoc|iPhoneSimulator.Build.0 = Release|Any CPU
		{731E4218-FEF7-4B44-BFD2-D51B7D3E230C}.Ad-Hoc|x64.ActiveCfg = Release|Any CPU
		{731E4218-FEF7-4B44-BFD2-D51B7D3E230C}.Ad-Hoc|x64.Build.0 = Release|Any CPU
		{731E4218-FEF7-4B44-BFD2-D51B7D3E230C}.Ad-Hoc|x86.ActiveCfg = Release|Any CPU
		{731E4218-FEF7-4B44-BFD2-D51B7D3E230C}.Ad-Hoc|x86.Build.0 = Release|Any CPU
		{731E4218-FEF7-4B44-BFD2-D51B7D3E230C}.AppStore|Any CPU.ActiveCfg = Release|Any CPU
		{731E4218-FEF7-4B44-BFD2-D51B7D3E230C}.AppStore|Any CPU.Build.0 = Release|Any CPU
		{731E4218-FEF7-4B44-BFD2-D51B7D3E230C}.AppStore|ARM.ActiveCfg = Release|Any CPU
		{731E4218-FEF7-4B44-BFD2-D51B7D3E230C}.AppStore|ARM.Build.0 = Release|Any CPU
		{731E4218-FEF7-4B44-BFD2-D51B7D3E230C}.AppStore|iPhone.ActiveCfg = Release|Any CPU
		{731E4218-FEF7-4B44-BFD2-D51B7D3E230C}.AppStore|iPhone.Build.0 = Release|Any CPU
		{731E4218-FEF7-4B44-BFD2-D51B7D3E230C}.AppStore|iPhoneSimulator.ActiveCfg = Release|Any CPU
		{731E4218-FEF7-4B44-BFD2-D51B7D3E230C}.AppStore|iPhoneSimulator.Build.0 = Release|Any CPU
		{731E4218-FEF7-4B44-BFD2-D51B7D3E230C}.AppStore|x64.ActiveCfg = Release|Any CPU
		{731E4218-FEF7-4B44-BFD2-D51B7D3E230C}.AppStore|x64.Build.0 = Release|Any CPU
		{731E4218-FEF7-4B44-BFD2-D51B7D3E230C}.AppStore|x86.ActiveCfg = Release|Any CPU
		{731E4218-FEF7-4B44-BFD2-D51B7D3E230C}.AppStore|x86.Build.0 = Release|Any CPU
		{731E4218-FEF7-4B44-BFD2-D51B7D3E230C}.Debug|Any CPU.ActiveCfg = Debug|Any CPU
		{731E4218-FEF7-4B44-BFD2-D51B7D3E230C}.Debug|Any CPU.Build.0 = Debug|Any CPU
		{731E4218-FEF7-4B44-BFD2-D51B7D3E230C}.Debug|ARM.ActiveCfg = Debug|Any CPU
		{731E4218-FEF7-4B44-BFD2-D51B7D3E230C}.Debug|ARM.Build.0 = Debug|Any CPU
		{731E4218-FEF7-4B44-BFD2-D51B7D3E230C}.Debug|iPhone.ActiveCfg = Debug|Any CPU
		{731E4218-FEF7-4B44-BFD2-D51B7D3E230C}.Debug|iPhone.Build.0 = Debug|Any CPU
		{731E4218-FEF7-4B44-BFD2-D51B7D3E230C}.Debug|iPhoneSimulator.ActiveCfg = Debug|Any CPU
		{731E4218-FEF7-4B44-BFD2-D51B7D3E230C}.Debug|iPhoneSimulator.Build.0 = Debug|Any CPU
		{731E4218-FEF7-4B44-BFD2-D51B7D3E230C}.Debug|x64.ActiveCfg = Debug|Any CPU
		{731E4218-FEF7-4B44-BFD2-D51B7D3E230C}.Debug|x64.Build.0 = Debug|Any CPU
		{731E4218-FEF7-4B44-BFD2-D51B7D3E230C}.Debug|x86.ActiveCfg = Debug|Any CPU
		{731E4218-FEF7-4B44-BFD2-D51B7D3E230C}.Debug|x86.Build.0 = Debug|Any CPU
		{731E4218-FEF7-4B44-BFD2-D51B7D3E230C}.Release|Any CPU.ActiveCfg = Release|Any CPU
		{731E4218-FEF7-4B44-BFD2-D51B7D3E230C}.Release|Any CPU.Build.0 = Release|Any CPU
		{731E4218-FEF7-4B44-BFD2-D51B7D3E230C}.Release|ARM.ActiveCfg = Release|Any CPU
		{731E4218-FEF7-4B44-BFD2-D51B7D3E230C}.Release|ARM.Build.0 = Release|Any CPU
		{731E4218-FEF7-4B44-BFD2-D51B7D3E230C}.Release|iPhone.ActiveCfg = Release|Any CPU
		{731E4218-FEF7-4B44-BFD2-D51B7D3E230C}.Release|iPhone.Build.0 = Release|Any CPU
		{731E4218-FEF7-4B44-BFD2-D51B7D3E230C}.Release|iPhoneSimulator.ActiveCfg = Release|Any CPU
		{731E4218-FEF7-4B44-BFD2-D51B7D3E230C}.Release|iPhoneSimulator.Build.0 = Release|Any CPU
		{731E4218-FEF7-4B44-BFD2-D51B7D3E230C}.Release|x64.ActiveCfg = Release|Any CPU
		{731E4218-FEF7-4B44-BFD2-D51B7D3E230C}.Release|x64.Build.0 = Release|Any CPU
		{731E4218-FEF7-4B44-BFD2-D51B7D3E230C}.Release|x86.ActiveCfg = Release|Any CPU
		{731E4218-FEF7-4B44-BFD2-D51B7D3E230C}.Release|x86.Build.0 = Release|Any CPU
		{7FF15604-63B4-4BB0-A375-A6CB6179B5BD}.Ad-Hoc|Any CPU.ActiveCfg = Release|Any CPU
		{7FF15604-63B4-4BB0-A375-A6CB6179B5BD}.Ad-Hoc|Any CPU.Build.0 = Release|Any CPU
		{7FF15604-63B4-4BB0-A375-A6CB6179B5BD}.Ad-Hoc|ARM.ActiveCfg = Release|Any CPU
		{7FF15604-63B4-4BB0-A375-A6CB6179B5BD}.Ad-Hoc|ARM.Build.0 = Release|Any CPU
		{7FF15604-63B4-4BB0-A375-A6CB6179B5BD}.Ad-Hoc|iPhone.ActiveCfg = Release|Any CPU
		{7FF15604-63B4-4BB0-A375-A6CB6179B5BD}.Ad-Hoc|iPhone.Build.0 = Release|Any CPU
		{7FF15604-63B4-4BB0-A375-A6CB6179B5BD}.Ad-Hoc|iPhoneSimulator.ActiveCfg = Release|Any CPU
		{7FF15604-63B4-4BB0-A375-A6CB6179B5BD}.Ad-Hoc|iPhoneSimulator.Build.0 = Release|Any CPU
		{7FF15604-63B4-4BB0-A375-A6CB6179B5BD}.Ad-Hoc|x64.ActiveCfg = Release|Any CPU
		{7FF15604-63B4-4BB0-A375-A6CB6179B5BD}.Ad-Hoc|x64.Build.0 = Release|Any CPU
		{7FF15604-63B4-4BB0-A375-A6CB6179B5BD}.Ad-Hoc|x86.ActiveCfg = Release|Any CPU
		{7FF15604-63B4-4BB0-A375-A6CB6179B5BD}.Ad-Hoc|x86.Build.0 = Release|Any CPU
		{7FF15604-63B4-4BB0-A375-A6CB6179B5BD}.AppStore|Any CPU.ActiveCfg = Release|Any CPU
		{7FF15604-63B4-4BB0-A375-A6CB6179B5BD}.AppStore|Any CPU.Build.0 = Release|Any CPU
		{7FF15604-63B4-4BB0-A375-A6CB6179B5BD}.AppStore|ARM.ActiveCfg = Release|Any CPU
		{7FF15604-63B4-4BB0-A375-A6CB6179B5BD}.AppStore|ARM.Build.0 = Release|Any CPU
		{7FF15604-63B4-4BB0-A375-A6CB6179B5BD}.AppStore|iPhone.ActiveCfg = Release|Any CPU
		{7FF15604-63B4-4BB0-A375-A6CB6179B5BD}.AppStore|iPhone.Build.0 = Release|Any CPU
		{7FF15604-63B4-4BB0-A375-A6CB6179B5BD}.AppStore|iPhoneSimulator.ActiveCfg = Release|Any CPU
		{7FF15604-63B4-4BB0-A375-A6CB6179B5BD}.AppStore|iPhoneSimulator.Build.0 = Release|Any CPU
		{7FF15604-63B4-4BB0-A375-A6CB6179B5BD}.AppStore|x64.ActiveCfg = Release|Any CPU
		{7FF15604-63B4-4BB0-A375-A6CB6179B5BD}.AppStore|x64.Build.0 = Release|Any CPU
		{7FF15604-63B4-4BB0-A375-A6CB6179B5BD}.AppStore|x86.ActiveCfg = Release|Any CPU
		{7FF15604-63B4-4BB0-A375-A6CB6179B5BD}.AppStore|x86.Build.0 = Release|Any CPU
		{7FF15604-63B4-4BB0-A375-A6CB6179B5BD}.Debug|Any CPU.ActiveCfg = Debug|Any CPU
		{7FF15604-63B4-4BB0-A375-A6CB6179B5BD}.Debug|Any CPU.Build.0 = Debug|Any CPU
		{7FF15604-63B4-4BB0-A375-A6CB6179B5BD}.Debug|ARM.ActiveCfg = Debug|Any CPU
		{7FF15604-63B4-4BB0-A375-A6CB6179B5BD}.Debug|ARM.Build.0 = Debug|Any CPU
		{7FF15604-63B4-4BB0-A375-A6CB6179B5BD}.Debug|iPhone.ActiveCfg = Debug|Any CPU
		{7FF15604-63B4-4BB0-A375-A6CB6179B5BD}.Debug|iPhone.Build.0 = Debug|Any CPU
		{7FF15604-63B4-4BB0-A375-A6CB6179B5BD}.Debug|iPhoneSimulator.ActiveCfg = Debug|Any CPU
		{7FF15604-63B4-4BB0-A375-A6CB6179B5BD}.Debug|iPhoneSimulator.Build.0 = Debug|Any CPU
		{7FF15604-63B4-4BB0-A375-A6CB6179B5BD}.Debug|x64.ActiveCfg = Debug|Any CPU
		{7FF15604-63B4-4BB0-A375-A6CB6179B5BD}.Debug|x64.Build.0 = Debug|Any CPU
		{7FF15604-63B4-4BB0-A375-A6CB6179B5BD}.Debug|x86.ActiveCfg = Debug|Any CPU
		{7FF15604-63B4-4BB0-A375-A6CB6179B5BD}.Debug|x86.Build.0 = Debug|Any CPU
		{7FF15604-63B4-4BB0-A375-A6CB6179B5BD}.Release|Any CPU.ActiveCfg = Release|Any CPU
		{7FF15604-63B4-4BB0-A375-A6CB6179B5BD}.Release|Any CPU.Build.0 = Release|Any CPU
		{7FF15604-63B4-4BB0-A375-A6CB6179B5BD}.Release|ARM.ActiveCfg = Release|Any CPU
		{7FF15604-63B4-4BB0-A375-A6CB6179B5BD}.Release|ARM.Build.0 = Release|Any CPU
		{7FF15604-63B4-4BB0-A375-A6CB6179B5BD}.Release|iPhone.ActiveCfg = Release|Any CPU
		{7FF15604-63B4-4BB0-A375-A6CB6179B5BD}.Release|iPhone.Build.0 = Release|Any CPU
		{7FF15604-63B4-4BB0-A375-A6CB6179B5BD}.Release|iPhoneSimulator.ActiveCfg = Release|Any CPU
		{7FF15604-63B4-4BB0-A375-A6CB6179B5BD}.Release|iPhoneSimulator.Build.0 = Release|Any CPU
		{7FF15604-63B4-4BB0-A375-A6CB6179B5BD}.Release|x64.ActiveCfg = Release|Any CPU
		{7FF15604-63B4-4BB0-A375-A6CB6179B5BD}.Release|x64.Build.0 = Release|Any CPU
		{7FF15604-63B4-4BB0-A375-A6CB6179B5BD}.Release|x86.ActiveCfg = Release|Any CPU
		{7FF15604-63B4-4BB0-A375-A6CB6179B5BD}.Release|x86.Build.0 = Release|Any CPU
		{ED793F68-1BC7-48BA-95EA-9F3FB859AAE4}.Ad-Hoc|Any CPU.ActiveCfg = Release|Any CPU
		{ED793F68-1BC7-48BA-95EA-9F3FB859AAE4}.Ad-Hoc|Any CPU.Build.0 = Release|Any CPU
		{ED793F68-1BC7-48BA-95EA-9F3FB859AAE4}.Ad-Hoc|ARM.ActiveCfg = Release|Any CPU
		{ED793F68-1BC7-48BA-95EA-9F3FB859AAE4}.Ad-Hoc|ARM.Build.0 = Release|Any CPU
		{ED793F68-1BC7-48BA-95EA-9F3FB859AAE4}.Ad-Hoc|iPhone.ActiveCfg = Release|Any CPU
		{ED793F68-1BC7-48BA-95EA-9F3FB859AAE4}.Ad-Hoc|iPhone.Build.0 = Release|Any CPU
		{ED793F68-1BC7-48BA-95EA-9F3FB859AAE4}.Ad-Hoc|iPhoneSimulator.ActiveCfg = Release|Any CPU
		{ED793F68-1BC7-48BA-95EA-9F3FB859AAE4}.Ad-Hoc|iPhoneSimulator.Build.0 = Release|Any CPU
		{ED793F68-1BC7-48BA-95EA-9F3FB859AAE4}.Ad-Hoc|x64.ActiveCfg = Release|Any CPU
		{ED793F68-1BC7-48BA-95EA-9F3FB859AAE4}.Ad-Hoc|x64.Build.0 = Release|Any CPU
		{ED793F68-1BC7-48BA-95EA-9F3FB859AAE4}.Ad-Hoc|x86.ActiveCfg = Release|Any CPU
		{ED793F68-1BC7-48BA-95EA-9F3FB859AAE4}.Ad-Hoc|x86.Build.0 = Release|Any CPU
		{ED793F68-1BC7-48BA-95EA-9F3FB859AAE4}.AppStore|Any CPU.ActiveCfg = Release|Any CPU
		{ED793F68-1BC7-48BA-95EA-9F3FB859AAE4}.AppStore|Any CPU.Build.0 = Release|Any CPU
		{ED793F68-1BC7-48BA-95EA-9F3FB859AAE4}.AppStore|ARM.ActiveCfg = Release|Any CPU
		{ED793F68-1BC7-48BA-95EA-9F3FB859AAE4}.AppStore|ARM.Build.0 = Release|Any CPU
		{ED793F68-1BC7-48BA-95EA-9F3FB859AAE4}.AppStore|iPhone.ActiveCfg = Release|Any CPU
		{ED793F68-1BC7-48BA-95EA-9F3FB859AAE4}.AppStore|iPhone.Build.0 = Release|Any CPU
		{ED793F68-1BC7-48BA-95EA-9F3FB859AAE4}.AppStore|iPhoneSimulator.ActiveCfg = Release|Any CPU
		{ED793F68-1BC7-48BA-95EA-9F3FB859AAE4}.AppStore|iPhoneSimulator.Build.0 = Release|Any CPU
		{ED793F68-1BC7-48BA-95EA-9F3FB859AAE4}.AppStore|x64.ActiveCfg = Release|Any CPU
		{ED793F68-1BC7-48BA-95EA-9F3FB859AAE4}.AppStore|x64.Build.0 = Release|Any CPU
		{ED793F68-1BC7-48BA-95EA-9F3FB859AAE4}.AppStore|x86.ActiveCfg = Release|Any CPU
		{ED793F68-1BC7-48BA-95EA-9F3FB859AAE4}.AppStore|x86.Build.0 = Release|Any CPU
		{ED793F68-1BC7-48BA-95EA-9F3FB859AAE4}.Debug|Any CPU.ActiveCfg = Debug|Any CPU
		{ED793F68-1BC7-48BA-95EA-9F3FB859AAE4}.Debug|Any CPU.Build.0 = Debug|Any CPU
		{ED793F68-1BC7-48BA-95EA-9F3FB859AAE4}.Debug|ARM.ActiveCfg = Debug|Any CPU
		{ED793F68-1BC7-48BA-95EA-9F3FB859AAE4}.Debug|ARM.Build.0 = Debug|Any CPU
		{ED793F68-1BC7-48BA-95EA-9F3FB859AAE4}.Debug|iPhone.ActiveCfg = Debug|Any CPU
		{ED793F68-1BC7-48BA-95EA-9F3FB859AAE4}.Debug|iPhone.Build.0 = Debug|Any CPU
		{ED793F68-1BC7-48BA-95EA-9F3FB859AAE4}.Debug|iPhoneSimulator.ActiveCfg = Debug|Any CPU
		{ED793F68-1BC7-48BA-95EA-9F3FB859AAE4}.Debug|iPhoneSimulator.Build.0 = Debug|Any CPU
		{ED793F68-1BC7-48BA-95EA-9F3FB859AAE4}.Debug|x64.ActiveCfg = Debug|Any CPU
		{ED793F68-1BC7-48BA-95EA-9F3FB859AAE4}.Debug|x64.Build.0 = Debug|Any CPU
		{ED793F68-1BC7-48BA-95EA-9F3FB859AAE4}.Debug|x86.ActiveCfg = Debug|Any CPU
		{ED793F68-1BC7-48BA-95EA-9F3FB859AAE4}.Debug|x86.Build.0 = Debug|Any CPU
		{ED793F68-1BC7-48BA-95EA-9F3FB859AAE4}.Release|Any CPU.ActiveCfg = Release|Any CPU
		{ED793F68-1BC7-48BA-95EA-9F3FB859AAE4}.Release|Any CPU.Build.0 = Release|Any CPU
		{ED793F68-1BC7-48BA-95EA-9F3FB859AAE4}.Release|ARM.ActiveCfg = Release|Any CPU
		{ED793F68-1BC7-48BA-95EA-9F3FB859AAE4}.Release|ARM.Build.0 = Release|Any CPU
		{ED793F68-1BC7-48BA-95EA-9F3FB859AAE4}.Release|iPhone.ActiveCfg = Release|Any CPU
		{ED793F68-1BC7-48BA-95EA-9F3FB859AAE4}.Release|iPhone.Build.0 = Release|Any CPU
		{ED793F68-1BC7-48BA-95EA-9F3FB859AAE4}.Release|iPhoneSimulator.ActiveCfg = Release|Any CPU
		{ED793F68-1BC7-48BA-95EA-9F3FB859AAE4}.Release|iPhoneSimulator.Build.0 = Release|Any CPU
		{ED793F68-1BC7-48BA-95EA-9F3FB859AAE4}.Release|x64.ActiveCfg = Release|Any CPU
		{ED793F68-1BC7-48BA-95EA-9F3FB859AAE4}.Release|x64.Build.0 = Release|Any CPU
		{ED793F68-1BC7-48BA-95EA-9F3FB859AAE4}.Release|x86.ActiveCfg = Release|Any CPU
		{ED793F68-1BC7-48BA-95EA-9F3FB859AAE4}.Release|x86.Build.0 = Release|Any CPU
	EndGlobalSection
	GlobalSection(SolutionProperties) = preSolution
		HideSolutionNode = FALSE
	EndGlobalSection
	GlobalSection(NestedProjects) = preSolution
		{B0E594BE-1DD0-4B58-8231-9A832E090A4A} = {E8AAC350-FED5-447F-8396-5E53219A941E}
		{0CDF7AB9-CCA9-4EFC-8DE9-277716A8F220} = {2275F1D2-1D3B-4081-8B97-59E4166E3929}
		{663CDE7B-CD56-436F-A5D5-CDEEE56B6999} = {888C3E81-A043-4AE3-94D3-D0E7439827E8}
		{E8AAC350-FED5-447F-8396-5E53219A941E} = {2320D1DB-4D87-4C41-B58F-3CC57877DFDF}
		{67F9D3A8-F71E-4428-913F-C37AE82CDB24} = {CB49142E-8AC5-419A-8227-5A1FA0205BE9}
		{7F0FB177-673B-4BBB-A003-35C4D2FC7B28} = {2275F1D2-1D3B-4081-8B97-59E4166E3929}
		{731E4218-FEF7-4B44-BFD2-D51B7D3E230C} = {6932A7B0-13ED-44BD-901B-A0EA11BCAF33}
		{7FF15604-63B4-4BB0-A375-A6CB6179B5BD} = {E8AAC350-FED5-447F-8396-5E53219A941E}
		{ED793F68-1BC7-48BA-95EA-9F3FB859AAE4} = {2275F1D2-1D3B-4081-8B97-59E4166E3929}
	EndGlobalSection
EndGlobal
